
Microsoft Visual Studio Solution File, Format Version 12.00
# Visual Studio Version 16
VisualStudioVersion = 16.0.29201.188
MinimumVisualStudioVersion = 10.0.40219.1
Project("{9A19103F-16F7-4668-BE54-9A1E7A4F7556}") = "ComputeSharp", "src\ComputeSharp\ComputeSharp.csproj", "{314EB353-E7E3-4146-8111-685CC83EC1DE}"
EndProject
Project("{9A19103F-16F7-4668-BE54-9A1E7A4F7556}") = "ComputeSharp.Core", "src\ComputeSharp.Core\ComputeSharp.Core.csproj", "{9F9581FB-6EF7-418E-BFA5-0EFED874E980}"
EndProject
Project("{9A19103F-16F7-4668-BE54-9A1E7A4F7556}") = "ComputeSharp.Graphics", "src\ComputeSharp.Graphics\ComputeSharp.Graphics.csproj", "{2499CC74-BC9A-4B30-A3B6-05F9C7BF9B34}"
EndProject
Project("{9A19103F-16F7-4668-BE54-9A1E7A4F7556}") = "ComputeSharp.Shaders", "src\ComputeSharp.Shaders\ComputeSharp.Shaders.csproj", "{23AE6EED-79CD-4ADD-9A85-0148BD957D19}"
EndProject
Project("{2150E333-8FDC-42A3-9474-1A3956D46DE8}") = "Samples", "Samples", "{0ED8F632-5E17-46BE-8CC3-B14A82D4AEB1}"
EndProject
Project("{9A19103F-16F7-4668-BE54-9A1E7A4F7556}") = "ComputeSharp.Benchmark", "samples\ComputeSharp.Benchmark\ComputeSharp.Benchmark.csproj", "{34AFE6E6-9A4C-4C3F-AE69-DD3693086DAF}"
EndProject
Project("{9A19103F-16F7-4668-BE54-9A1E7A4F7556}") = "ComputeSharp.ImageProcessing", "samples\ComputeSharp.ImageProcessing\ComputeSharp.ImageProcessing.csproj", "{524CC5DD-1DEE-4A30-9515-AB90965E5207}"
EndProject
Project("{9A19103F-16F7-4668-BE54-9A1E7A4F7556}") = "ComputeSharp.Sample", "samples\ComputeSharp.Sample\ComputeSharp.Sample.csproj", "{7A48A85D-8866-4DED-A404-653ED09BF396}"
EndProject
Project("{2150E333-8FDC-42A3-9474-1A3956D46DE8}") = "Tests", "Tests", "{F8EFBB27-4EE2-4463-A75B-7EFDFB55D0F7}"
EndProject
Project("{9A19103F-16F7-4668-BE54-9A1E7A4F7556}") = "ComputeSharp.Tests", "tests\ComputeSharp.Tests\ComputeSharp.Tests.csproj", "{E91F4D24-922A-4921-A8D7-9C45A143C45D}"
EndProject
Project("{9A19103F-16F7-4668-BE54-9A1E7A4F7556}") = "ComputeSharp.Tests.Internals", "tests\ComputeSharp.Tests.Internals\ComputeSharp.Tests.Internals.csproj", "{E889E6D6-A814-4950-AAC1-68F1ECFC5BD6}"
EndProject
Project("{2150E333-8FDC-42A3-9474-1A3956D46DE8}") = "_SolutionItems", "_SolutionItems", "{1A9C4108-F61A-4ABE-B5CF-F524521EAE2D}"
	ProjectSection(SolutionItems) = preProject
		.gitignore = .gitignore
		LICENSE = LICENSE
		README.md = README.md
	EndProjectSection
EndProject
Project("{FAE04EC0-301F-11D3-BF4B-00C04F79EFBC}") = "ComputeSharp.SourceGenerators", "src\ComputeSharp.SourceGenerators\ComputeSharp.SourceGenerators.csproj", "{EB52CB67-4162-4722-874B-44EA8DA5450E}"
EndProject
Global
	GlobalSection(SolutionConfigurationPlatforms) = preSolution
		Debug|Any CPU = Debug|Any CPU
		Debug|x64 = Debug|x64
		Release|Any CPU = Release|Any CPU
		Release|x64 = Release|x64
	EndGlobalSection
	GlobalSection(ProjectConfigurationPlatforms) = postSolution
		{314EB353-E7E3-4146-8111-685CC83EC1DE}.Debug|Any CPU.ActiveCfg = Debug|Any CPU
		{314EB353-E7E3-4146-8111-685CC83EC1DE}.Debug|Any CPU.Build.0 = Debug|Any CPU
		{314EB353-E7E3-4146-8111-685CC83EC1DE}.Debug|x64.ActiveCfg = Debug|Any CPU
		{314EB353-E7E3-4146-8111-685CC83EC1DE}.Debug|x64.Build.0 = Debug|Any CPU
		{314EB353-E7E3-4146-8111-685CC83EC1DE}.Release|Any CPU.ActiveCfg = Release|Any CPU
		{314EB353-E7E3-4146-8111-685CC83EC1DE}.Release|Any CPU.Build.0 = Release|Any CPU
		{314EB353-E7E3-4146-8111-685CC83EC1DE}.Release|x64.ActiveCfg = Release|Any CPU
		{314EB353-E7E3-4146-8111-685CC83EC1DE}.Release|x64.Build.0 = Release|Any CPU
		{9F9581FB-6EF7-418E-BFA5-0EFED874E980}.Debug|Any CPU.ActiveCfg = Debug|Any CPU
		{9F9581FB-6EF7-418E-BFA5-0EFED874E980}.Debug|Any CPU.Build.0 = Debug|Any CPU
		{9F9581FB-6EF7-418E-BFA5-0EFED874E980}.Debug|x64.ActiveCfg = Debug|Any CPU
		{9F9581FB-6EF7-418E-BFA5-0EFED874E980}.Debug|x64.Build.0 = Debug|Any CPU
		{9F9581FB-6EF7-418E-BFA5-0EFED874E980}.Release|Any CPU.ActiveCfg = Release|Any CPU
		{9F9581FB-6EF7-418E-BFA5-0EFED874E980}.Release|Any CPU.Build.0 = Release|Any CPU
		{9F9581FB-6EF7-418E-BFA5-0EFED874E980}.Release|x64.ActiveCfg = Release|Any CPU
		{9F9581FB-6EF7-418E-BFA5-0EFED874E980}.Release|x64.Build.0 = Release|Any CPU
		{2499CC74-BC9A-4B30-A3B6-05F9C7BF9B34}.Debug|Any CPU.ActiveCfg = Debug|Any CPU
		{2499CC74-BC9A-4B30-A3B6-05F9C7BF9B34}.Debug|Any CPU.Build.0 = Debug|Any CPU
		{2499CC74-BC9A-4B30-A3B6-05F9C7BF9B34}.Debug|x64.ActiveCfg = Debug|Any CPU
		{2499CC74-BC9A-4B30-A3B6-05F9C7BF9B34}.Debug|x64.Build.0 = Debug|Any CPU
		{2499CC74-BC9A-4B30-A3B6-05F9C7BF9B34}.Release|Any CPU.ActiveCfg = Release|Any CPU
		{2499CC74-BC9A-4B30-A3B6-05F9C7BF9B34}.Release|Any CPU.Build.0 = Release|Any CPU
		{2499CC74-BC9A-4B30-A3B6-05F9C7BF9B34}.Release|x64.ActiveCfg = Release|Any CPU
		{2499CC74-BC9A-4B30-A3B6-05F9C7BF9B34}.Release|x64.Build.0 = Release|Any CPU
		{23AE6EED-79CD-4ADD-9A85-0148BD957D19}.Debug|Any CPU.ActiveCfg = Debug|Any CPU
		{23AE6EED-79CD-4ADD-9A85-0148BD957D19}.Debug|Any CPU.Build.0 = Debug|Any CPU
		{23AE6EED-79CD-4ADD-9A85-0148BD957D19}.Debug|x64.ActiveCfg = Debug|Any CPU
		{23AE6EED-79CD-4ADD-9A85-0148BD957D19}.Debug|x64.Build.0 = Debug|Any CPU
		{23AE6EED-79CD-4ADD-9A85-0148BD957D19}.Release|Any CPU.ActiveCfg = Release|Any CPU
		{23AE6EED-79CD-4ADD-9A85-0148BD957D19}.Release|Any CPU.Build.0 = Release|Any CPU
		{23AE6EED-79CD-4ADD-9A85-0148BD957D19}.Release|x64.ActiveCfg = Release|Any CPU
		{23AE6EED-79CD-4ADD-9A85-0148BD957D19}.Release|x64.Build.0 = Release|Any CPU
		{34AFE6E6-9A4C-4C3F-AE69-DD3693086DAF}.Debug|Any CPU.ActiveCfg = Debug|Any CPU
		{34AFE6E6-9A4C-4C3F-AE69-DD3693086DAF}.Debug|Any CPU.Build.0 = Debug|Any CPU
		{34AFE6E6-9A4C-4C3F-AE69-DD3693086DAF}.Debug|x64.ActiveCfg = Debug|Any CPU
		{34AFE6E6-9A4C-4C3F-AE69-DD3693086DAF}.Debug|x64.Build.0 = Debug|Any CPU
		{34AFE6E6-9A4C-4C3F-AE69-DD3693086DAF}.Release|Any CPU.ActiveCfg = Release|Any CPU
		{34AFE6E6-9A4C-4C3F-AE69-DD3693086DAF}.Release|Any CPU.Build.0 = Release|Any CPU
		{34AFE6E6-9A4C-4C3F-AE69-DD3693086DAF}.Release|x64.ActiveCfg = Release|Any CPU
		{34AFE6E6-9A4C-4C3F-AE69-DD3693086DAF}.Release|x64.Build.0 = Release|Any CPU
		{524CC5DD-1DEE-4A30-9515-AB90965E5207}.Debug|Any CPU.ActiveCfg = Debug|Any CPU
		{524CC5DD-1DEE-4A30-9515-AB90965E5207}.Debug|Any CPU.Build.0 = Debug|Any CPU
		{524CC5DD-1DEE-4A30-9515-AB90965E5207}.Debug|x64.ActiveCfg = Debug|Any CPU
		{524CC5DD-1DEE-4A30-9515-AB90965E5207}.Debug|x64.Build.0 = Debug|Any CPU
		{524CC5DD-1DEE-4A30-9515-AB90965E5207}.Release|Any CPU.ActiveCfg = Release|Any CPU
		{524CC5DD-1DEE-4A30-9515-AB90965E5207}.Release|Any CPU.Build.0 = Release|Any CPU
		{524CC5DD-1DEE-4A30-9515-AB90965E5207}.Release|x64.ActiveCfg = Release|Any CPU
		{524CC5DD-1DEE-4A30-9515-AB90965E5207}.Release|x64.Build.0 = Release|Any CPU
		{7A48A85D-8866-4DED-A404-653ED09BF396}.Debug|Any CPU.ActiveCfg = Debug|Any CPU
		{7A48A85D-8866-4DED-A404-653ED09BF396}.Debug|Any CPU.Build.0 = Debug|Any CPU
		{7A48A85D-8866-4DED-A404-653ED09BF396}.Debug|x64.ActiveCfg = Debug|Any CPU
		{7A48A85D-8866-4DED-A404-653ED09BF396}.Debug|x64.Build.0 = Debug|Any CPU
		{7A48A85D-8866-4DED-A404-653ED09BF396}.Release|Any CPU.ActiveCfg = Release|Any CPU
		{7A48A85D-8866-4DED-A404-653ED09BF396}.Release|Any CPU.Build.0 = Release|Any CPU
		{7A48A85D-8866-4DED-A404-653ED09BF396}.Release|x64.ActiveCfg = Release|Any CPU
		{7A48A85D-8866-4DED-A404-653ED09BF396}.Release|x64.Build.0 = Release|Any CPU
		{E91F4D24-922A-4921-A8D7-9C45A143C45D}.Debug|Any CPU.ActiveCfg = Debug|Any CPU
		{E91F4D24-922A-4921-A8D7-9C45A143C45D}.Debug|Any CPU.Build.0 = Debug|Any CPU
		{E91F4D24-922A-4921-A8D7-9C45A143C45D}.Debug|x64.ActiveCfg = Debug|Any CPU
		{E91F4D24-922A-4921-A8D7-9C45A143C45D}.Debug|x64.Build.0 = Debug|Any CPU
		{E91F4D24-922A-4921-A8D7-9C45A143C45D}.Release|Any CPU.ActiveCfg = Release|Any CPU
		{E91F4D24-922A-4921-A8D7-9C45A143C45D}.Release|Any CPU.Build.0 = Release|Any CPU
		{E91F4D24-922A-4921-A8D7-9C45A143C45D}.Release|x64.ActiveCfg = Release|Any CPU
		{E91F4D24-922A-4921-A8D7-9C45A143C45D}.Release|x64.Build.0 = Release|Any CPU
		{E889E6D6-A814-4950-AAC1-68F1ECFC5BD6}.Debug|Any CPU.ActiveCfg = Debug|Any CPU
		{E889E6D6-A814-4950-AAC1-68F1ECFC5BD6}.Debug|Any CPU.Build.0 = Debug|Any CPU
		{E889E6D6-A814-4950-AAC1-68F1ECFC5BD6}.Debug|x64.ActiveCfg = Debug|Any CPU
		{E889E6D6-A814-4950-AAC1-68F1ECFC5BD6}.Debug|x64.Build.0 = Debug|Any CPU
		{E889E6D6-A814-4950-AAC1-68F1ECFC5BD6}.Release|Any CPU.ActiveCfg = Release|Any CPU
		{E889E6D6-A814-4950-AAC1-68F1ECFC5BD6}.Release|Any CPU.Build.0 = Release|Any CPU
		{E889E6D6-A814-4950-AAC1-68F1ECFC5BD6}.Release|x64.ActiveCfg = Release|Any CPU
		{E889E6D6-A814-4950-AAC1-68F1ECFC5BD6}.Release|x64.Build.0 = Release|Any CPU
		{EB52CB67-4162-4722-874B-44EA8DA5450E}.Debug|Any CPU.ActiveCfg = Debug|Any CPU
		{EB52CB67-4162-4722-874B-44EA8DA5450E}.Debug|Any CPU.Build.0 = Debug|Any CPU
		{EB52CB67-4162-4722-874B-44EA8DA5450E}.Debug|x64.ActiveCfg = Debug|Any CPU
		{EB52CB67-4162-4722-874B-44EA8DA5450E}.Debug|x64.Build.0 = Debug|Any CPU
		{EB52CB67-4162-4722-874B-44EA8DA5450E}.Release|Any CPU.ActiveCfg = Release|Any CPU
		{EB52CB67-4162-4722-874B-44EA8DA5450E}.Release|Any CPU.Build.0 = Release|Any CPU
		{EB52CB67-4162-4722-874B-44EA8DA5450E}.Release|x64.ActiveCfg = Release|Any CPU
		{EB52CB67-4162-4722-874B-44EA8DA5450E}.Release|x64.Build.0 = Release|Any CPU
	EndGlobalSection
	GlobalSection(SolutionProperties) = preSolution
		HideSolutionNode = FALSE
	EndGlobalSection
	GlobalSection(NestedProjects) = preSolution
		{34AFE6E6-9A4C-4C3F-AE69-DD3693086DAF} = {0ED8F632-5E17-46BE-8CC3-B14A82D4AEB1}
		{524CC5DD-1DEE-4A30-9515-AB90965E5207} = {0ED8F632-5E17-46BE-8CC3-B14A82D4AEB1}
		{7A48A85D-8866-4DED-A404-653ED09BF396} = {0ED8F632-5E17-46BE-8CC3-B14A82D4AEB1}
		{E91F4D24-922A-4921-A8D7-9C45A143C45D} = {F8EFBB27-4EE2-4463-A75B-7EFDFB55D0F7}
		{E889E6D6-A814-4950-AAC1-68F1ECFC5BD6} = {F8EFBB27-4EE2-4463-A75B-7EFDFB55D0F7}
	EndGlobalSection
	GlobalSection(ExtensibilityGlobals) = postSolution
		SolutionGuid = {4664C5E3-0340-4E22-BCFD-98AAEDF5F2DC}
	EndGlobalSection
EndGlobal
