
Microsoft Visual Studio Solution File, Format Version 12.00
# Visual Studio Version 17
VisualStudioVersion = 17.0.31825.309
MinimumVisualStudioVersion = 10.0.40219.1
Project("{9A19103F-16F7-4668-BE54-9A1E7A4F7556}") = "ComputeSharp", "src\ComputeSharp\ComputeSharp.csproj", "{314EB353-E7E3-4146-8111-685CC83EC1DE}"
EndProject
Project("{2150E333-8FDC-42A3-9474-1A3956D46DE8}") = "Samples", "Samples", "{0ED8F632-5E17-46BE-8CC3-B14A82D4AEB1}"
EndProject
Project("{9A19103F-16F7-4668-BE54-9A1E7A4F7556}") = "ComputeSharp.Benchmark", "samples\ComputeSharp.Benchmark\ComputeSharp.Benchmark.csproj", "{34AFE6E6-9A4C-4C3F-AE69-DD3693086DAF}"
EndProject
Project("{9A19103F-16F7-4668-BE54-9A1E7A4F7556}") = "ComputeSharp.ImageProcessing", "samples\ComputeSharp.ImageProcessing\ComputeSharp.ImageProcessing.csproj", "{524CC5DD-1DEE-4A30-9515-AB90965E5207}"
EndProject
Project("{2150E333-8FDC-42A3-9474-1A3956D46DE8}") = "Tests", "Tests", "{F8EFBB27-4EE2-4463-A75B-7EFDFB55D0F7}"
EndProject
Project("{9A19103F-16F7-4668-BE54-9A1E7A4F7556}") = "ComputeSharp.Tests", "tests\ComputeSharp.Tests\ComputeSharp.Tests.csproj", "{E91F4D24-922A-4921-A8D7-9C45A143C45D}"
EndProject
Project("{9A19103F-16F7-4668-BE54-9A1E7A4F7556}") = "ComputeSharp.Tests.Internals", "tests\ComputeSharp.Tests.Internals\ComputeSharp.Tests.Internals.csproj", "{E889E6D6-A814-4950-AAC1-68F1ECFC5BD6}"
EndProject
Project("{2150E333-8FDC-42A3-9474-1A3956D46DE8}") = "_SolutionItems", "_SolutionItems", "{1A9C4108-F61A-4ABE-B5CF-F524521EAE2D}"
	ProjectSection(SolutionItems) = preProject
		.gitignore = .gitignore
		Directory.Build.props = Directory.Build.props
		src\Directory.Build.props = src\Directory.Build.props
		LICENSE = LICENSE
		README.md = README.md
	EndProjectSection
EndProject
Project("{9A19103F-16F7-4668-BE54-9A1E7A4F7556}") = "ComputeSharp.SourceGenerators", "src\ComputeSharp.SourceGenerators\ComputeSharp.SourceGenerators.csproj", "{EB52CB67-4162-4722-874B-44EA8DA5450E}"
EndProject
Project("{2150E333-8FDC-42A3-9474-1A3956D46DE8}") = "NuGet", "NuGet", "{FB17EF84-9208-47AC-921F-680CB1DAD8BA}"
	ProjectSection(SolutionItems) = preProject
		src\ComputeSharp.Package\ComputeSharp.Package.msbuildproj = src\ComputeSharp.Package\ComputeSharp.Package.msbuildproj
		src\ComputeSharp.Package\icon.png = src\ComputeSharp.Package\icon.png
	EndProjectSection
EndProject
Project("{9A19103F-16F7-4668-BE54-9A1E7A4F7556}") = "ComputeSharp.Sample", "samples\ComputeSharp.Sample\ComputeSharp.Sample.csproj", "{7048DEEA-0A6F-46A0-B951-B682A8F1CB75}"
EndProject
Project("{D954291E-2A0B-460D-934E-DC6B0785DB48}") = "ComputeSharp.Sample.Shared", "samples\ComputeSharp.Sample.Shared\ComputeSharp.Sample.Shared.shproj", "{8CEFC324-CA6C-4845-9AD9-70B92BD87057}"
EndProject
Project("{9A19103F-16F7-4668-BE54-9A1E7A4F7556}") = "ComputeSharp.Tests.SourceGenerators", "tests\ComputeSharp.Tests.SourceGenerators\ComputeSharp.Tests.SourceGenerators.csproj", "{BBBD0ADD-F2F9-49A3-BD5E-D223F0735D8B}"
EndProject
Project("{9A19103F-16F7-4668-BE54-9A1E7A4F7556}") = "ComputeSharp.Tests.NativeLibrariesResolver", "tests\ComputeSharp.Tests.NativeLibrariesResolver\ComputeSharp.Tests.NativeLibrariesResolver.csproj", "{BF52326F-E415-49E6-8595-62762216762B}"
EndProject
Project("{9A19103F-16F7-4668-BE54-9A1E7A4F7556}") = "ComputeSharp.SwapChain", "samples\ComputeSharp.SwapChain\ComputeSharp.SwapChain.csproj", "{E7C9247D-016B-4819-AF9F-0E9B3591E04B}"
EndProject
Project("{6EC3EE1D-3C4E-46DD-8F32-0CC8E7565705}") = "ComputeSharp.Sample.FSharp", "samples\ComputeSharp.Sample.FSharp\ComputeSharp.Sample.FSharp.fsproj", "{7C625EC4-F599-4350-A915-F046DF2406D3}"
EndProject
Project("{9A19103F-16F7-4668-BE54-9A1E7A4F7556}") = "ComputeSharp.Sample.FSharp.Shaders", "samples\ComputeSharp.Sample.FSharp.Shaders\ComputeSharp.Sample.FSharp.Shaders.csproj", "{1F37A704-3CDF-45BB-8114-ED9137E5F2CF}"
EndProject
Project("{2150E333-8FDC-42A3-9474-1A3956D46DE8}") = "Polyfills", "Polyfills", "{8DCE343F-BA78-4FE1-B562-B57C603A8BAA}"
EndProject
Project("{D954291E-2A0B-460D-934E-DC6B0785DB48}") = "ComputeSharp.NetStandard", "src\ComputeSharp.NetStandard\ComputeSharp.NetStandard.shproj", "{A5997814-D8D2-4541-87AC-C3E53CAA67C0}"
EndProject
Project("{D954291E-2A0B-460D-934E-DC6B0785DB48}") = "TerraFX.Interop.Windows", "src\TerraFX.Interop.Windows\TerraFX.Interop.Windows.shproj", "{514FF00E-BBF0-4D55-A47C-EEEB6208ADCE}"
EndProject
Project("{9A19103F-16F7-4668-BE54-9A1E7A4F7556}") = "ComputeSharp.WinUI", "src\ComputeSharp.WinUI\ComputeSharp.WinUI.csproj", "{FA18BA9F-76BF-4DE0-8D24-02FC7657E6CB}"
EndProject
Project("{9A19103F-16F7-4668-BE54-9A1E7A4F7556}") = "ComputeSharp.SwapChain.WinUI", "samples\ComputeSharp.SwapChain.WinUI\ComputeSharp.SwapChain.WinUI.csproj", "{0071701E-B9C5-4098-BE5F-EF556C4553C6}"
EndProject
Project("{9A19103F-16F7-4668-BE54-9A1E7A4F7556}") = "ComputeSharp.Uwp", "src\ComputeSharp.Uwp\ComputeSharp.Uwp.csproj", "{AFAAFDC9-BE42-45D4-8C79-0EE8C8EDBF52}"
EndProject
Project("{FAE04EC0-301F-11D3-BF4B-00C04F79EFBC}") = "ComputeSharp.SwapChain.Uwp", "samples\ComputeSharp.SwapChain.Uwp\ComputeSharp.SwapChain.Uwp.csproj", "{FBD388A5-7855-4408-98FF-E689F509DB5A}"
EndProject
Project("{D954291E-2A0B-460D-934E-DC6B0785DB48}") = "ComputeSharp.UI", "src\ComputeSharp.UI\ComputeSharp.UI.shproj", "{0C82EDE1-5B8A-4DF3-87DA-700B29D5E265}"
EndProject
Project("{D954291E-2A0B-460D-934E-DC6B0785DB48}") = "ComputeSharp.SwapChain.Shaders.Shared", "samples\ComputeSharp.SwapChain.Shaders.Shared\ComputeSharp.SwapChain.Shaders.Shared.shproj", "{0800BD51-499D-44C2-9417-FD1F7FDFE9C4}"
EndProject
Project("{D954291E-2A0B-460D-934E-DC6B0785DB48}") = "ComputeSharp.SwapChain.Core.Shared", "samples\ComputeSharp.SwapChain.Core.Shared\ComputeSharp.SwapChain.Core.Shared.shproj", "{751BB05B-563D-4B3A-94C6-15E2D79D35EA}"
EndProject
Global
	GlobalSection(SharedMSBuildProjectFiles) = preSolution
		samples\ComputeSharp.SwapChain.Core.Shared\ComputeSharp.SwapChain.Core.Shared.projitems*{0071701e-b9c5-4098-be5f-ef556c4553c6}*SharedItemsImports = 5
		samples\ComputeSharp.SwapChain.Shaders.Shared\ComputeSharp.SwapChain.Shaders.Shared.projitems*{0071701e-b9c5-4098-be5f-ef556c4553c6}*SharedItemsImports = 5
		samples\ComputeSharp.SwapChain.Shaders.Shared\ComputeSharp.SwapChain.Shaders.Shared.projitems*{0800bd51-499d-44c2-9417-fd1f7fdfe9c4}*SharedItemsImports = 13
		src\ComputeSharp.UI\ComputeSharp.UI.projitems*{0c82ede1-5b8a-4df3-87da-700b29d5e265}*SharedItemsImports = 13
		src\ComputeSharp.NetStandard\ComputeSharp.NetStandard.projitems*{314eb353-e7e3-4146-8111-685cc83ec1de}*SharedItemsImports = 5
		src\TerraFX.Interop.Windows\TerraFX.Interop.Windows.projitems*{314eb353-e7e3-4146-8111-685cc83ec1de}*SharedItemsImports = 5
		src\TerraFX.Interop.Windows\TerraFX.Interop.Windows.projitems*{514ff00e-bbf0-4d55-a47c-eeeb6208adce}*SharedItemsImports = 13
		samples\ComputeSharp.Sample.Shared\ComputeSharp.Sample.Shared.projitems*{7048deea-0a6f-46a0-b951-b682a8f1cb75}*SharedItemsImports = 5
		samples\ComputeSharp.SwapChain.Core.Shared\ComputeSharp.SwapChain.Core.Shared.projitems*{751bb05b-563d-4b3a-94c6-15e2d79d35ea}*SharedItemsImports = 13
		samples\ComputeSharp.Sample.Shared\ComputeSharp.Sample.Shared.projitems*{8cefc324-ca6c-4845-9ad9-70b92bd87057}*SharedItemsImports = 13
		src\ComputeSharp.NetStandard\ComputeSharp.NetStandard.projitems*{a5997814-d8d2-4541-87ac-c3e53caa67c0}*SharedItemsImports = 13
		src\ComputeSharp.UI\ComputeSharp.UI.projitems*{afaafdc9-be42-45d4-8c79-0ee8c8edbf52}*SharedItemsImports = 5
		samples\ComputeSharp.SwapChain.Shaders.Shared\ComputeSharp.SwapChain.Shaders.Shared.projitems*{e7c9247d-016b-4819-af9f-0e9b3591e04b}*SharedItemsImports = 5
		samples\ComputeSharp.SwapChain.Shaders.Shared\ComputeSharp.SwapChain.Shaders.Shared.projitems*{e91f4d24-922a-4921-a8d7-9c45a143c45d}*SharedItemsImports = 5
		src\ComputeSharp.NetStandard\ComputeSharp.NetStandard.projitems*{eb52cb67-4162-4722-874b-44ea8da5450e}*SharedItemsImports = 5
		src\TerraFX.Interop.Windows\TerraFX.Interop.Windows.projitems*{eb52cb67-4162-4722-874b-44ea8da5450e}*SharedItemsImports = 5
		src\ComputeSharp.UI\ComputeSharp.UI.projitems*{fa18ba9f-76bf-4de0-8d24-02fc7657e6cb}*SharedItemsImports = 5
		samples\ComputeSharp.SwapChain.Core.Shared\ComputeSharp.SwapChain.Core.Shared.projitems*{fbd388a5-7855-4408-98ff-e689f509db5a}*SharedItemsImports = 4
		samples\ComputeSharp.SwapChain.Shaders.Shared\ComputeSharp.SwapChain.Shaders.Shared.projitems*{fbd388a5-7855-4408-98ff-e689f509db5a}*SharedItemsImports = 4
	EndGlobalSection
	GlobalSection(SolutionConfigurationPlatforms) = preSolution
		Debug|Any CPU = Debug|Any CPU
		Debug|ARM64 = Debug|ARM64
		Debug|x64 = Debug|x64
		Release|Any CPU = Release|Any CPU
		Release|ARM64 = Release|ARM64
		Release|x64 = Release|x64
	EndGlobalSection
	GlobalSection(ProjectConfigurationPlatforms) = postSolution
		{314EB353-E7E3-4146-8111-685CC83EC1DE}.Debug|Any CPU.ActiveCfg = Debug|x64
		{314EB353-E7E3-4146-8111-685CC83EC1DE}.Debug|Any CPU.Build.0 = Debug|x64
		{314EB353-E7E3-4146-8111-685CC83EC1DE}.Debug|ARM64.ActiveCfg = Debug|ARM64
		{314EB353-E7E3-4146-8111-685CC83EC1DE}.Debug|ARM64.Build.0 = Debug|ARM64
		{314EB353-E7E3-4146-8111-685CC83EC1DE}.Debug|x64.ActiveCfg = Debug|x64
		{314EB353-E7E3-4146-8111-685CC83EC1DE}.Debug|x64.Build.0 = Debug|x64
		{314EB353-E7E3-4146-8111-685CC83EC1DE}.Release|Any CPU.ActiveCfg = Release|x64
		{314EB353-E7E3-4146-8111-685CC83EC1DE}.Release|Any CPU.Build.0 = Release|x64
		{314EB353-E7E3-4146-8111-685CC83EC1DE}.Release|ARM64.ActiveCfg = Release|ARM64
		{314EB353-E7E3-4146-8111-685CC83EC1DE}.Release|ARM64.Build.0 = Release|ARM64
		{314EB353-E7E3-4146-8111-685CC83EC1DE}.Release|x64.ActiveCfg = Release|x64
		{314EB353-E7E3-4146-8111-685CC83EC1DE}.Release|x64.Build.0 = Release|x64
		{34AFE6E6-9A4C-4C3F-AE69-DD3693086DAF}.Debug|Any CPU.ActiveCfg = Debug|Any CPU
		{34AFE6E6-9A4C-4C3F-AE69-DD3693086DAF}.Debug|Any CPU.Build.0 = Debug|Any CPU
		{34AFE6E6-9A4C-4C3F-AE69-DD3693086DAF}.Debug|ARM64.ActiveCfg = Debug|Any CPU
		{34AFE6E6-9A4C-4C3F-AE69-DD3693086DAF}.Debug|ARM64.Build.0 = Debug|Any CPU
		{34AFE6E6-9A4C-4C3F-AE69-DD3693086DAF}.Debug|x64.ActiveCfg = Debug|Any CPU
		{34AFE6E6-9A4C-4C3F-AE69-DD3693086DAF}.Debug|x64.Build.0 = Debug|Any CPU
		{34AFE6E6-9A4C-4C3F-AE69-DD3693086DAF}.Release|Any CPU.ActiveCfg = Release|Any CPU
		{34AFE6E6-9A4C-4C3F-AE69-DD3693086DAF}.Release|Any CPU.Build.0 = Release|Any CPU
		{34AFE6E6-9A4C-4C3F-AE69-DD3693086DAF}.Release|ARM64.ActiveCfg = Release|Any CPU
		{34AFE6E6-9A4C-4C3F-AE69-DD3693086DAF}.Release|ARM64.Build.0 = Release|Any CPU
		{34AFE6E6-9A4C-4C3F-AE69-DD3693086DAF}.Release|x64.ActiveCfg = Release|Any CPU
		{34AFE6E6-9A4C-4C3F-AE69-DD3693086DAF}.Release|x64.Build.0 = Release|Any CPU
		{524CC5DD-1DEE-4A30-9515-AB90965E5207}.Debug|Any CPU.ActiveCfg = Debug|Any CPU
		{524CC5DD-1DEE-4A30-9515-AB90965E5207}.Debug|Any CPU.Build.0 = Debug|Any CPU
		{524CC5DD-1DEE-4A30-9515-AB90965E5207}.Debug|ARM64.ActiveCfg = Debug|Any CPU
		{524CC5DD-1DEE-4A30-9515-AB90965E5207}.Debug|ARM64.Build.0 = Debug|Any CPU
		{524CC5DD-1DEE-4A30-9515-AB90965E5207}.Debug|x64.ActiveCfg = Debug|Any CPU
		{524CC5DD-1DEE-4A30-9515-AB90965E5207}.Debug|x64.Build.0 = Debug|Any CPU
		{524CC5DD-1DEE-4A30-9515-AB90965E5207}.Release|Any CPU.ActiveCfg = Release|Any CPU
		{524CC5DD-1DEE-4A30-9515-AB90965E5207}.Release|Any CPU.Build.0 = Release|Any CPU
		{524CC5DD-1DEE-4A30-9515-AB90965E5207}.Release|ARM64.ActiveCfg = Release|Any CPU
		{524CC5DD-1DEE-4A30-9515-AB90965E5207}.Release|ARM64.Build.0 = Release|Any CPU
		{524CC5DD-1DEE-4A30-9515-AB90965E5207}.Release|x64.ActiveCfg = Release|Any CPU
		{524CC5DD-1DEE-4A30-9515-AB90965E5207}.Release|x64.Build.0 = Release|Any CPU
		{E91F4D24-922A-4921-A8D7-9C45A143C45D}.Debug|Any CPU.ActiveCfg = Debug|Any CPU
		{E91F4D24-922A-4921-A8D7-9C45A143C45D}.Debug|Any CPU.Build.0 = Debug|Any CPU
		{E91F4D24-922A-4921-A8D7-9C45A143C45D}.Debug|ARM64.ActiveCfg = Debug|Any CPU
		{E91F4D24-922A-4921-A8D7-9C45A143C45D}.Debug|ARM64.Build.0 = Debug|Any CPU
		{E91F4D24-922A-4921-A8D7-9C45A143C45D}.Debug|x64.ActiveCfg = Debug|Any CPU
		{E91F4D24-922A-4921-A8D7-9C45A143C45D}.Debug|x64.Build.0 = Debug|Any CPU
		{E91F4D24-922A-4921-A8D7-9C45A143C45D}.Release|Any CPU.ActiveCfg = Release|Any CPU
		{E91F4D24-922A-4921-A8D7-9C45A143C45D}.Release|Any CPU.Build.0 = Release|Any CPU
		{E91F4D24-922A-4921-A8D7-9C45A143C45D}.Release|ARM64.ActiveCfg = Release|Any CPU
		{E91F4D24-922A-4921-A8D7-9C45A143C45D}.Release|ARM64.Build.0 = Release|Any CPU
		{E91F4D24-922A-4921-A8D7-9C45A143C45D}.Release|x64.ActiveCfg = Release|Any CPU
		{E91F4D24-922A-4921-A8D7-9C45A143C45D}.Release|x64.Build.0 = Release|Any CPU
		{E889E6D6-A814-4950-AAC1-68F1ECFC5BD6}.Debug|Any CPU.ActiveCfg = Debug|Any CPU
		{E889E6D6-A814-4950-AAC1-68F1ECFC5BD6}.Debug|Any CPU.Build.0 = Debug|Any CPU
		{E889E6D6-A814-4950-AAC1-68F1ECFC5BD6}.Debug|ARM64.ActiveCfg = Debug|Any CPU
		{E889E6D6-A814-4950-AAC1-68F1ECFC5BD6}.Debug|ARM64.Build.0 = Debug|Any CPU
		{E889E6D6-A814-4950-AAC1-68F1ECFC5BD6}.Debug|x64.ActiveCfg = Debug|Any CPU
		{E889E6D6-A814-4950-AAC1-68F1ECFC5BD6}.Debug|x64.Build.0 = Debug|Any CPU
		{E889E6D6-A814-4950-AAC1-68F1ECFC5BD6}.Release|Any CPU.ActiveCfg = Release|Any CPU
		{E889E6D6-A814-4950-AAC1-68F1ECFC5BD6}.Release|Any CPU.Build.0 = Release|Any CPU
		{E889E6D6-A814-4950-AAC1-68F1ECFC5BD6}.Release|ARM64.ActiveCfg = Release|Any CPU
		{E889E6D6-A814-4950-AAC1-68F1ECFC5BD6}.Release|ARM64.Build.0 = Release|Any CPU
		{E889E6D6-A814-4950-AAC1-68F1ECFC5BD6}.Release|x64.ActiveCfg = Release|Any CPU
		{E889E6D6-A814-4950-AAC1-68F1ECFC5BD6}.Release|x64.Build.0 = Release|Any CPU
		{EB52CB67-4162-4722-874B-44EA8DA5450E}.Debug|Any CPU.ActiveCfg = Debug|Any CPU
		{EB52CB67-4162-4722-874B-44EA8DA5450E}.Debug|Any CPU.Build.0 = Debug|Any CPU
		{EB52CB67-4162-4722-874B-44EA8DA5450E}.Debug|ARM64.ActiveCfg = Debug|Any CPU
		{EB52CB67-4162-4722-874B-44EA8DA5450E}.Debug|ARM64.Build.0 = Debug|Any CPU
		{EB52CB67-4162-4722-874B-44EA8DA5450E}.Debug|x64.ActiveCfg = Debug|Any CPU
		{EB52CB67-4162-4722-874B-44EA8DA5450E}.Debug|x64.Build.0 = Debug|Any CPU
		{EB52CB67-4162-4722-874B-44EA8DA5450E}.Release|Any CPU.ActiveCfg = Release|Any CPU
		{EB52CB67-4162-4722-874B-44EA8DA5450E}.Release|Any CPU.Build.0 = Release|Any CPU
		{EB52CB67-4162-4722-874B-44EA8DA5450E}.Release|ARM64.ActiveCfg = Release|Any CPU
		{EB52CB67-4162-4722-874B-44EA8DA5450E}.Release|ARM64.Build.0 = Release|Any CPU
		{EB52CB67-4162-4722-874B-44EA8DA5450E}.Release|x64.ActiveCfg = Release|Any CPU
		{EB52CB67-4162-4722-874B-44EA8DA5450E}.Release|x64.Build.0 = Release|Any CPU
		{7048DEEA-0A6F-46A0-B951-B682A8F1CB75}.Debug|Any CPU.ActiveCfg = Debug|Any CPU
		{7048DEEA-0A6F-46A0-B951-B682A8F1CB75}.Debug|Any CPU.Build.0 = Debug|Any CPU
		{7048DEEA-0A6F-46A0-B951-B682A8F1CB75}.Debug|ARM64.ActiveCfg = Debug|Any CPU
		{7048DEEA-0A6F-46A0-B951-B682A8F1CB75}.Debug|ARM64.Build.0 = Debug|Any CPU
		{7048DEEA-0A6F-46A0-B951-B682A8F1CB75}.Debug|x64.ActiveCfg = Debug|Any CPU
		{7048DEEA-0A6F-46A0-B951-B682A8F1CB75}.Debug|x64.Build.0 = Debug|Any CPU
		{7048DEEA-0A6F-46A0-B951-B682A8F1CB75}.Release|Any CPU.ActiveCfg = Release|Any CPU
		{7048DEEA-0A6F-46A0-B951-B682A8F1CB75}.Release|Any CPU.Build.0 = Release|Any CPU
		{7048DEEA-0A6F-46A0-B951-B682A8F1CB75}.Release|ARM64.ActiveCfg = Release|Any CPU
		{7048DEEA-0A6F-46A0-B951-B682A8F1CB75}.Release|ARM64.Build.0 = Release|Any CPU
		{7048DEEA-0A6F-46A0-B951-B682A8F1CB75}.Release|x64.ActiveCfg = Release|Any CPU
		{7048DEEA-0A6F-46A0-B951-B682A8F1CB75}.Release|x64.Build.0 = Release|Any CPU
		{BBBD0ADD-F2F9-49A3-BD5E-D223F0735D8B}.Debug|Any CPU.ActiveCfg = Debug|Any CPU
		{BBBD0ADD-F2F9-49A3-BD5E-D223F0735D8B}.Debug|Any CPU.Build.0 = Debug|Any CPU
		{BBBD0ADD-F2F9-49A3-BD5E-D223F0735D8B}.Debug|ARM64.ActiveCfg = Debug|Any CPU
		{BBBD0ADD-F2F9-49A3-BD5E-D223F0735D8B}.Debug|ARM64.Build.0 = Debug|Any CPU
		{BBBD0ADD-F2F9-49A3-BD5E-D223F0735D8B}.Debug|x64.ActiveCfg = Debug|Any CPU
		{BBBD0ADD-F2F9-49A3-BD5E-D223F0735D8B}.Debug|x64.Build.0 = Debug|Any CPU
		{BBBD0ADD-F2F9-49A3-BD5E-D223F0735D8B}.Release|Any CPU.ActiveCfg = Release|Any CPU
		{BBBD0ADD-F2F9-49A3-BD5E-D223F0735D8B}.Release|Any CPU.Build.0 = Release|Any CPU
		{BBBD0ADD-F2F9-49A3-BD5E-D223F0735D8B}.Release|ARM64.ActiveCfg = Release|Any CPU
		{BBBD0ADD-F2F9-49A3-BD5E-D223F0735D8B}.Release|ARM64.Build.0 = Release|Any CPU
		{BBBD0ADD-F2F9-49A3-BD5E-D223F0735D8B}.Release|x64.ActiveCfg = Release|Any CPU
		{BBBD0ADD-F2F9-49A3-BD5E-D223F0735D8B}.Release|x64.Build.0 = Release|Any CPU
		{BF52326F-E415-49E6-8595-62762216762B}.Debug|Any CPU.ActiveCfg = Debug|Any CPU
		{BF52326F-E415-49E6-8595-62762216762B}.Debug|Any CPU.Build.0 = Debug|Any CPU
		{BF52326F-E415-49E6-8595-62762216762B}.Debug|ARM64.ActiveCfg = Debug|Any CPU
		{BF52326F-E415-49E6-8595-62762216762B}.Debug|ARM64.Build.0 = Debug|Any CPU
		{BF52326F-E415-49E6-8595-62762216762B}.Debug|x64.ActiveCfg = Debug|Any CPU
		{BF52326F-E415-49E6-8595-62762216762B}.Debug|x64.Build.0 = Debug|Any CPU
		{BF52326F-E415-49E6-8595-62762216762B}.Release|Any CPU.ActiveCfg = Release|Any CPU
		{BF52326F-E415-49E6-8595-62762216762B}.Release|Any CPU.Build.0 = Release|Any CPU
		{BF52326F-E415-49E6-8595-62762216762B}.Release|ARM64.ActiveCfg = Release|Any CPU
		{BF52326F-E415-49E6-8595-62762216762B}.Release|ARM64.Build.0 = Release|Any CPU
		{BF52326F-E415-49E6-8595-62762216762B}.Release|x64.ActiveCfg = Release|Any CPU
		{BF52326F-E415-49E6-8595-62762216762B}.Release|x64.Build.0 = Release|Any CPU
		{E7C9247D-016B-4819-AF9F-0E9B3591E04B}.Debug|Any CPU.ActiveCfg = Debug|x64
		{E7C9247D-016B-4819-AF9F-0E9B3591E04B}.Debug|Any CPU.Build.0 = Debug|x64
		{E7C9247D-016B-4819-AF9F-0E9B3591E04B}.Debug|ARM64.ActiveCfg = Debug|ARM64
		{E7C9247D-016B-4819-AF9F-0E9B3591E04B}.Debug|ARM64.Build.0 = Debug|ARM64
		{E7C9247D-016B-4819-AF9F-0E9B3591E04B}.Debug|x64.ActiveCfg = Debug|x64
		{E7C9247D-016B-4819-AF9F-0E9B3591E04B}.Debug|x64.Build.0 = Debug|x64
		{E7C9247D-016B-4819-AF9F-0E9B3591E04B}.Release|Any CPU.ActiveCfg = Release|x64
		{E7C9247D-016B-4819-AF9F-0E9B3591E04B}.Release|Any CPU.Build.0 = Release|x64
		{E7C9247D-016B-4819-AF9F-0E9B3591E04B}.Release|ARM64.ActiveCfg = Release|ARM64
		{E7C9247D-016B-4819-AF9F-0E9B3591E04B}.Release|ARM64.Build.0 = Release|ARM64
		{E7C9247D-016B-4819-AF9F-0E9B3591E04B}.Release|x64.ActiveCfg = Release|x64
		{E7C9247D-016B-4819-AF9F-0E9B3591E04B}.Release|x64.Build.0 = Release|x64
		{7C625EC4-F599-4350-A915-F046DF2406D3}.Debug|Any CPU.ActiveCfg = Debug|Any CPU
		{7C625EC4-F599-4350-A915-F046DF2406D3}.Debug|Any CPU.Build.0 = Debug|Any CPU
		{7C625EC4-F599-4350-A915-F046DF2406D3}.Debug|ARM64.ActiveCfg = Debug|Any CPU
		{7C625EC4-F599-4350-A915-F046DF2406D3}.Debug|ARM64.Build.0 = Debug|Any CPU
		{7C625EC4-F599-4350-A915-F046DF2406D3}.Debug|x64.ActiveCfg = Debug|Any CPU
		{7C625EC4-F599-4350-A915-F046DF2406D3}.Debug|x64.Build.0 = Debug|Any CPU
		{7C625EC4-F599-4350-A915-F046DF2406D3}.Release|Any CPU.ActiveCfg = Release|Any CPU
		{7C625EC4-F599-4350-A915-F046DF2406D3}.Release|Any CPU.Build.0 = Release|Any CPU
		{7C625EC4-F599-4350-A915-F046DF2406D3}.Release|ARM64.ActiveCfg = Release|Any CPU
		{7C625EC4-F599-4350-A915-F046DF2406D3}.Release|ARM64.Build.0 = Release|Any CPU
		{7C625EC4-F599-4350-A915-F046DF2406D3}.Release|x64.ActiveCfg = Release|Any CPU
		{7C625EC4-F599-4350-A915-F046DF2406D3}.Release|x64.Build.0 = Release|Any CPU
		{1F37A704-3CDF-45BB-8114-ED9137E5F2CF}.Debug|Any CPU.ActiveCfg = Debug|Any CPU
		{1F37A704-3CDF-45BB-8114-ED9137E5F2CF}.Debug|Any CPU.Build.0 = Debug|Any CPU
		{1F37A704-3CDF-45BB-8114-ED9137E5F2CF}.Debug|ARM64.ActiveCfg = Debug|Any CPU
		{1F37A704-3CDF-45BB-8114-ED9137E5F2CF}.Debug|ARM64.Build.0 = Debug|Any CPU
		{1F37A704-3CDF-45BB-8114-ED9137E5F2CF}.Debug|x64.ActiveCfg = Debug|Any CPU
		{1F37A704-3CDF-45BB-8114-ED9137E5F2CF}.Debug|x64.Build.0 = Debug|Any CPU
		{1F37A704-3CDF-45BB-8114-ED9137E5F2CF}.Release|Any CPU.ActiveCfg = Release|Any CPU
		{1F37A704-3CDF-45BB-8114-ED9137E5F2CF}.Release|Any CPU.Build.0 = Release|Any CPU
		{1F37A704-3CDF-45BB-8114-ED9137E5F2CF}.Release|ARM64.ActiveCfg = Release|Any CPU
		{1F37A704-3CDF-45BB-8114-ED9137E5F2CF}.Release|ARM64.Build.0 = Release|Any CPU
		{1F37A704-3CDF-45BB-8114-ED9137E5F2CF}.Release|x64.ActiveCfg = Release|Any CPU
		{1F37A704-3CDF-45BB-8114-ED9137E5F2CF}.Release|x64.Build.0 = Release|Any CPU
		{FA18BA9F-76BF-4DE0-8D24-02FC7657E6CB}.Debug|Any CPU.ActiveCfg = Debug|x64
		{FA18BA9F-76BF-4DE0-8D24-02FC7657E6CB}.Debug|Any CPU.Build.0 = Debug|x64
		{FA18BA9F-76BF-4DE0-8D24-02FC7657E6CB}.Debug|ARM64.ActiveCfg = Debug|ARM64
		{FA18BA9F-76BF-4DE0-8D24-02FC7657E6CB}.Debug|ARM64.Build.0 = Debug|ARM64
		{FA18BA9F-76BF-4DE0-8D24-02FC7657E6CB}.Debug|x64.ActiveCfg = Debug|x64
		{FA18BA9F-76BF-4DE0-8D24-02FC7657E6CB}.Debug|x64.Build.0 = Debug|x64
		{FA18BA9F-76BF-4DE0-8D24-02FC7657E6CB}.Release|Any CPU.ActiveCfg = Release|x64
		{FA18BA9F-76BF-4DE0-8D24-02FC7657E6CB}.Release|Any CPU.Build.0 = Release|x64
		{FA18BA9F-76BF-4DE0-8D24-02FC7657E6CB}.Release|ARM64.ActiveCfg = Release|ARM64
		{FA18BA9F-76BF-4DE0-8D24-02FC7657E6CB}.Release|ARM64.Build.0 = Release|ARM64
		{FA18BA9F-76BF-4DE0-8D24-02FC7657E6CB}.Release|x64.ActiveCfg = Release|x64
		{FA18BA9F-76BF-4DE0-8D24-02FC7657E6CB}.Release|x64.Build.0 = Release|x64
		{0071701E-B9C5-4098-BE5F-EF556C4553C6}.Debug|Any CPU.ActiveCfg = Debug|x64
		{0071701E-B9C5-4098-BE5F-EF556C4553C6}.Debug|Any CPU.Build.0 = Debug|x64
		{0071701E-B9C5-4098-BE5F-EF556C4553C6}.Debug|Any CPU.Deploy.0 = Debug|x64
		{0071701E-B9C5-4098-BE5F-EF556C4553C6}.Debug|ARM64.ActiveCfg = Debug|ARM64
		{0071701E-B9C5-4098-BE5F-EF556C4553C6}.Debug|ARM64.Build.0 = Debug|ARM64
		{0071701E-B9C5-4098-BE5F-EF556C4553C6}.Debug|ARM64.Deploy.0 = Debug|ARM64
		{0071701E-B9C5-4098-BE5F-EF556C4553C6}.Debug|x64.ActiveCfg = Debug|x64
		{0071701E-B9C5-4098-BE5F-EF556C4553C6}.Debug|x64.Build.0 = Debug|x64
		{0071701E-B9C5-4098-BE5F-EF556C4553C6}.Debug|x64.Deploy.0 = Debug|x64
		{0071701E-B9C5-4098-BE5F-EF556C4553C6}.Release|Any CPU.ActiveCfg = Release|x64
		{0071701E-B9C5-4098-BE5F-EF556C4553C6}.Release|Any CPU.Build.0 = Release|x64
		{0071701E-B9C5-4098-BE5F-EF556C4553C6}.Release|Any CPU.Deploy.0 = Release|x64
		{0071701E-B9C5-4098-BE5F-EF556C4553C6}.Release|ARM64.ActiveCfg = Release|ARM64
		{0071701E-B9C5-4098-BE5F-EF556C4553C6}.Release|ARM64.Build.0 = Release|ARM64
		{0071701E-B9C5-4098-BE5F-EF556C4553C6}.Release|ARM64.Deploy.0 = Release|ARM64
		{0071701E-B9C5-4098-BE5F-EF556C4553C6}.Release|x64.ActiveCfg = Release|x64
		{0071701E-B9C5-4098-BE5F-EF556C4553C6}.Release|x64.Build.0 = Release|x64
		{0071701E-B9C5-4098-BE5F-EF556C4553C6}.Release|x64.Deploy.0 = Release|x64
		{AFAAFDC9-BE42-45D4-8C79-0EE8C8EDBF52}.Debug|Any CPU.ActiveCfg = Debug|x64
		{AFAAFDC9-BE42-45D4-8C79-0EE8C8EDBF52}.Debug|Any CPU.Build.0 = Debug|x64
		{AFAAFDC9-BE42-45D4-8C79-0EE8C8EDBF52}.Debug|ARM64.ActiveCfg = Debug|ARM64
		{AFAAFDC9-BE42-45D4-8C79-0EE8C8EDBF52}.Debug|ARM64.Build.0 = Debug|ARM64
		{AFAAFDC9-BE42-45D4-8C79-0EE8C8EDBF52}.Debug|x64.ActiveCfg = Debug|x64
		{AFAAFDC9-BE42-45D4-8C79-0EE8C8EDBF52}.Debug|x64.Build.0 = Debug|x64
		{AFAAFDC9-BE42-45D4-8C79-0EE8C8EDBF52}.Release|Any CPU.ActiveCfg = Release|Any CPU
		{AFAAFDC9-BE42-45D4-8C79-0EE8C8EDBF52}.Release|Any CPU.Build.0 = Release|Any CPU
		{AFAAFDC9-BE42-45D4-8C79-0EE8C8EDBF52}.Release|ARM64.ActiveCfg = Release|ARM64
		{AFAAFDC9-BE42-45D4-8C79-0EE8C8EDBF52}.Release|ARM64.Build.0 = Release|ARM64
		{AFAAFDC9-BE42-45D4-8C79-0EE8C8EDBF52}.Release|x64.ActiveCfg = Release|x64
		{AFAAFDC9-BE42-45D4-8C79-0EE8C8EDBF52}.Release|x64.Build.0 = Release|x64
		{FBD388A5-7855-4408-98FF-E689F509DB5A}.Debug|Any CPU.ActiveCfg = Debug|x64
		{FBD388A5-7855-4408-98FF-E689F509DB5A}.Debug|Any CPU.Build.0 = Debug|x64
		{FBD388A5-7855-4408-98FF-E689F509DB5A}.Debug|Any CPU.Deploy.0 = Debug|x64
		{FBD388A5-7855-4408-98FF-E689F509DB5A}.Debug|ARM64.ActiveCfg = Debug|ARM64
		{FBD388A5-7855-4408-98FF-E689F509DB5A}.Debug|ARM64.Build.0 = Debug|ARM64
		{FBD388A5-7855-4408-98FF-E689F509DB5A}.Debug|ARM64.Deploy.0 = Debug|ARM64
		{FBD388A5-7855-4408-98FF-E689F509DB5A}.Debug|x64.ActiveCfg = Debug|x64
		{FBD388A5-7855-4408-98FF-E689F509DB5A}.Debug|x64.Build.0 = Debug|x64
		{FBD388A5-7855-4408-98FF-E689F509DB5A}.Debug|x64.Deploy.0 = Debug|x64
		{FBD388A5-7855-4408-98FF-E689F509DB5A}.Release|Any CPU.ActiveCfg = Release|x64
		{FBD388A5-7855-4408-98FF-E689F509DB5A}.Release|Any CPU.Build.0 = Release|x64
		{FBD388A5-7855-4408-98FF-E689F509DB5A}.Release|Any CPU.Deploy.0 = Release|x64
		{FBD388A5-7855-4408-98FF-E689F509DB5A}.Release|ARM64.ActiveCfg = Release|ARM64
		{FBD388A5-7855-4408-98FF-E689F509DB5A}.Release|ARM64.Build.0 = Release|ARM64
		{FBD388A5-7855-4408-98FF-E689F509DB5A}.Release|ARM64.Deploy.0 = Release|ARM64
		{FBD388A5-7855-4408-98FF-E689F509DB5A}.Release|x64.ActiveCfg = Release|x64
		{FBD388A5-7855-4408-98FF-E689F509DB5A}.Release|x64.Build.0 = Release|x64
		{FBD388A5-7855-4408-98FF-E689F509DB5A}.Release|x64.Deploy.0 = Release|x64
	EndGlobalSection
	GlobalSection(SolutionProperties) = preSolution
		HideSolutionNode = FALSE
	EndGlobalSection
	GlobalSection(NestedProjects) = preSolution
		{34AFE6E6-9A4C-4C3F-AE69-DD3693086DAF} = {0ED8F632-5E17-46BE-8CC3-B14A82D4AEB1}
		{524CC5DD-1DEE-4A30-9515-AB90965E5207} = {0ED8F632-5E17-46BE-8CC3-B14A82D4AEB1}
		{E91F4D24-922A-4921-A8D7-9C45A143C45D} = {F8EFBB27-4EE2-4463-A75B-7EFDFB55D0F7}
		{E889E6D6-A814-4950-AAC1-68F1ECFC5BD6} = {F8EFBB27-4EE2-4463-A75B-7EFDFB55D0F7}
		{7048DEEA-0A6F-46A0-B951-B682A8F1CB75} = {0ED8F632-5E17-46BE-8CC3-B14A82D4AEB1}
		{8CEFC324-CA6C-4845-9AD9-70B92BD87057} = {0ED8F632-5E17-46BE-8CC3-B14A82D4AEB1}
		{BBBD0ADD-F2F9-49A3-BD5E-D223F0735D8B} = {F8EFBB27-4EE2-4463-A75B-7EFDFB55D0F7}
		{BF52326F-E415-49E6-8595-62762216762B} = {F8EFBB27-4EE2-4463-A75B-7EFDFB55D0F7}
		{E7C9247D-016B-4819-AF9F-0E9B3591E04B} = {0ED8F632-5E17-46BE-8CC3-B14A82D4AEB1}
		{7C625EC4-F599-4350-A915-F046DF2406D3} = {0ED8F632-5E17-46BE-8CC3-B14A82D4AEB1}
		{1F37A704-3CDF-45BB-8114-ED9137E5F2CF} = {0ED8F632-5E17-46BE-8CC3-B14A82D4AEB1}
		{A5997814-D8D2-4541-87AC-C3E53CAA67C0} = {8DCE343F-BA78-4FE1-B562-B57C603A8BAA}
		{514FF00E-BBF0-4D55-A47C-EEEB6208ADCE} = {8DCE343F-BA78-4FE1-B562-B57C603A8BAA}
		{0071701E-B9C5-4098-BE5F-EF556C4553C6} = {0ED8F632-5E17-46BE-8CC3-B14A82D4AEB1}
		{FBD388A5-7855-4408-98FF-E689F509DB5A} = {0ED8F632-5E17-46BE-8CC3-B14A82D4AEB1}
		{0800BD51-499D-44C2-9417-FD1F7FDFE9C4} = {0ED8F632-5E17-46BE-8CC3-B14A82D4AEB1}
		{751BB05B-563D-4B3A-94C6-15E2D79D35EA} = {0ED8F632-5E17-46BE-8CC3-B14A82D4AEB1}
	EndGlobalSection
	GlobalSection(ExtensibilityGlobals) = postSolution
		SolutionGuid = {4664C5E3-0340-4E22-BCFD-98AAEDF5F2DC}
	EndGlobalSection
EndGlobal
